#
# This file is autogenerated by pip-compile with Python 3.10
# by the following command:
#
#    pip-compile --extra=dev --output-file=requirements/dev.lock --resolver=backtracking pyproject.toml
#
--trusted-host pypi.python.org
--trusted-host pypi.org
--trusted-host files.pythonhosted.org

black==23.3.0
    # via pyrgo (pyproject.toml)
build==0.10.0
    # via pip-tools
click==8.1.3
    # via
    #   black
    #   pip-tools
    #   pyrgo (pyproject.toml)
material==0.1
    # via pyrgo (pyproject.toml)
maturin==0.15.1
    # via pyrgo (pyproject.toml)
mypy==1.3.0
    # via pyrgo (pyproject.toml)
mypy-extensions==1.0.0
    # via
    #   black
    #   mypy
packaging==23.1
    # via
    #   black
    #   build
pathspec==0.11.1
    # via black
pip-tools==6.13.0
    # via pyrgo (pyproject.toml)
platformdirs==3.5.0
    # via black
pyproject-hooks==1.0.0
    # via build
ruff==0.0.265
    # via pyrgo (pyproject.toml)
tomli==2.0.1
    # via
    #   black
    #   build
    #   maturin
    #   mypy
    #   pyproject-hooks
typing-extensions==4.5.0
    # via mypy
wheel==0.40.0
    # via pip-tools

# The following packages are considered to be unsafe in a requirements file:
# pip
# setuptools
